
Microsoft Visual Studio Solution File, Format Version 12.00
# Visual Studio Version 17
VisualStudioVersion = 17.3.32611.2
MinimumVisualStudioVersion = 10.0.40219.1
Project("{FAE04EC0-301F-11D3-BF4B-00C04F79EFBC}") = "triggersManager", "triggersManager\triggersManager.csproj", "{13BF3E69-F1C3-4FEE-AEA5-555181846C6E}"
EndProject
Global
	GlobalSection(SolutionConfigurationPlatforms) = preSolution
		Debug|Any CPU = Debug|Any CPU
		Release|Any CPU = Release|Any CPU
	EndGlobalSection
	GlobalSection(ProjectConfigurationPlatforms) = postSolution
		{13BF3E69-F1C3-4FEE-AEA5-555181846C6E}.Debug|Any CPU.ActiveCfg = Debug|Any CPU
		{13BF3E69-F1C3-4FEE-AEA5-555181846C6E}.Debug|Any CPU.Build.0 = Debug|Any CPU
		{13BF3E69-F1C3-4FEE-AEA5-555181846C6E}.Release|Any CPU.ActiveCfg = Release|Any CPU
		{13BF3E69-F1C3-4FEE-AEA5-555181846C6E}.Release|Any CPU.Build.0 = Release|Any CPU
	EndGlobalSection
	GlobalSection(SolutionProperties) = preSolution
		HideSolutionNode = FALSE
	EndGlobalSection
	GlobalSection(ExtensibilityGlobals) = postSolution
		SolutionGuid = {57CD8AAC-5A3C-42E1-90AE-6D3705C7A79F}
	EndGlobalSection
EndGlobal
