
Microsoft Visual Studio Solution File, Format Version 12.00
# Visual Studio Version 16
VisualStudioVersion = 16.0.31702.278
MinimumVisualStudioVersion = 10.0.40219.1
Project("{FAE04EC0-301F-11D3-BF4B-00C04F79EFBC}") = "Painter", "Painter\Painter.csproj", "{0A6BBC67-B2CF-4BDC-A895-B01B5772B16C}"
EndProject
Project("{930C7802-8A8C-48F9-8165-68863BCCD9DD}") = "PainterSetup", "PainterSetup\PainterSetup.wixproj", "{32B647B2-A387-458F-AF2F-0CB5DFE31A6E}"
EndProject
Global
	GlobalSection(SolutionConfigurationPlatforms) = preSolution
		Debug|Any CPU = Debug|Any CPU
		Debug|x86 = Debug|x86
		Release|Any CPU = Release|Any CPU
		Release|x86 = Release|x86
	EndGlobalSection
	GlobalSection(ProjectConfigurationPlatforms) = postSolution
		{0A6BBC67-B2CF-4BDC-A895-B01B5772B16C}.Debug|Any CPU.ActiveCfg = Debug|Any CPU
		{0A6BBC67-B2CF-4BDC-A895-B01B5772B16C}.Debug|Any CPU.Build.0 = Debug|Any CPU
		{0A6BBC67-B2CF-4BDC-A895-B01B5772B16C}.Debug|x86.ActiveCfg = Debug|Any CPU
		{0A6BBC67-B2CF-4BDC-A895-B01B5772B16C}.Debug|x86.Build.0 = Debug|Any CPU
		{0A6BBC67-B2CF-4BDC-A895-B01B5772B16C}.Release|Any CPU.ActiveCfg = Release|Any CPU
		{0A6BBC67-B2CF-4BDC-A895-B01B5772B16C}.Release|Any CPU.Build.0 = Release|Any CPU
		{0A6BBC67-B2CF-4BDC-A895-B01B5772B16C}.Release|x86.ActiveCfg = Release|Any CPU
		{0A6BBC67-B2CF-4BDC-A895-B01B5772B16C}.Release|x86.Build.0 = Release|Any CPU
		{32B647B2-A387-458F-AF2F-0CB5DFE31A6E}.Debug|Any CPU.ActiveCfg = Debug|x86
		{32B647B2-A387-458F-AF2F-0CB5DFE31A6E}.Debug|x86.ActiveCfg = Debug|x86
		{32B647B2-A387-458F-AF2F-0CB5DFE31A6E}.Debug|x86.Build.0 = Debug|x86
		{32B647B2-A387-458F-AF2F-0CB5DFE31A6E}.Release|Any CPU.ActiveCfg = Release|x86
		{32B647B2-A387-458F-AF2F-0CB5DFE31A6E}.Release|x86.ActiveCfg = Release|x86
		{32B647B2-A387-458F-AF2F-0CB5DFE31A6E}.Release|x86.Build.0 = Release|x86
	EndGlobalSection
	GlobalSection(SolutionProperties) = preSolution
		HideSolutionNode = FALSE
	EndGlobalSection
	GlobalSection(ExtensibilityGlobals) = postSolution
		SolutionGuid = {7A144A22-4143-4965-8160-52CC05999504}
	EndGlobalSection
EndGlobal
